
Microsoft Visual Studio Solution File, Format Version 12.00
# Visual Studio Version 17
VisualStudioVersion = 17.8.34322.80
MinimumVisualStudioVersion = 10.0.40219.1
Project("{FAE04EC0-301F-11D3-BF4B-00C04F79EFBC}") = "DuszaFogadas", "DuszaFogadas\DuszaFogadas.csproj", "{575AD71E-85E8-4E12-9BE4-F3154F023204}"
EndProject
Global
	GlobalSection(SolutionConfigurationPlatforms) = preSolution
		Debug|Any CPU = Debug|Any CPU
		Release|Any CPU = Release|Any CPU
	EndGlobalSection
	GlobalSection(ProjectConfigurationPlatforms) = postSolution
		{575AD71E-85E8-4E12-9BE4-F3154F023204}.Debug|Any CPU.ActiveCfg = Debug|Any CPU
		{575AD71E-85E8-4E12-9BE4-F3154F023204}.Debug|Any CPU.Build.0 = Debug|Any CPU
		{575AD71E-85E8-4E12-9BE4-F3154F023204}.Release|Any CPU.ActiveCfg = Release|Any CPU
		{575AD71E-85E8-4E12-9BE4-F3154F023204}.Release|Any CPU.Build.0 = Release|Any CPU
	EndGlobalSection
	GlobalSection(SolutionProperties) = preSolution
		HideSolutionNode = FALSE
	EndGlobalSection
	GlobalSection(ExtensibilityGlobals) = postSolution
		SolutionGuid = {06704257-CA12-41C6-84E9-12726EC0BE31}
	EndGlobalSection
EndGlobal
